
Microsoft Visual Studio Solution File, Format Version 12.00
# Visual Studio 2012
Project("{FAE04EC0-301F-11D3-BF4B-00C04F79EFBC}") = "Mnemonics", "Mnemonics\Mnemonics.csproj", "{78CE5EFF-F7B6-4A48-87AC-95953CC02842}"
EndProject
Project("{FAE04EC0-301F-11D3-BF4B-00C04F79EFBC}") = "Mnemonics.Test", "Mnemonics.Test\Mnemonics.Test.csproj", "{F3970096-BFE6-4E74-813F-4CE99E8E3D1F}"
EndProject
Global
	GlobalSection(SolutionConfigurationPlatforms) = preSolution
		Debug|Any CPU = Debug|Any CPU
		Release|Any CPU = Release|Any CPU
	EndGlobalSection
	GlobalSection(ProjectConfigurationPlatforms) = postSolution
		{78CE5EFF-F7B6-4A48-87AC-95953CC02842}.Debug|Any CPU.ActiveCfg = Debug|Any CPU
		{78CE5EFF-F7B6-4A48-87AC-95953CC02842}.Debug|Any CPU.Build.0 = Debug|Any CPU
		{78CE5EFF-F7B6-4A48-87AC-95953CC02842}.Release|Any CPU.ActiveCfg = Release|Any CPU
		{78CE5EFF-F7B6-4A48-87AC-95953CC02842}.Release|Any CPU.Build.0 = Release|Any CPU
		{F3970096-BFE6-4E74-813F-4CE99E8E3D1F}.Debug|Any CPU.ActiveCfg = Debug|Any CPU
		{F3970096-BFE6-4E74-813F-4CE99E8E3D1F}.Debug|Any CPU.Build.0 = Debug|Any CPU
		{F3970096-BFE6-4E74-813F-4CE99E8E3D1F}.Release|Any CPU.ActiveCfg = Release|Any CPU
		{F3970096-BFE6-4E74-813F-4CE99E8E3D1F}.Release|Any CPU.Build.0 = Release|Any CPU
	EndGlobalSection
EndGlobal
